
Microsoft Visual Studio Solution File, Format Version 11.00
# Visual Studio 2010 Express for Windows Phone
Project("{FAE04EC0-301F-11D3-BF4B-00C04F79EFBC}") = "Japanese.JpTextBox", "Japanese.JpTextBox\Japanese.JpTextBox.csproj", "{8694BBA1-2901-4803-9549-30A7FE2B149A}"
EndProject
Global
	GlobalSection(SolutionConfigurationPlatforms) = preSolution
		Debug|Any CPU = Debug|Any CPU
		Release|Any CPU = Release|Any CPU
	EndGlobalSection
	GlobalSection(ProjectConfigurationPlatforms) = postSolution
		{8694BBA1-2901-4803-9549-30A7FE2B149A}.Debug|Any CPU.ActiveCfg = Debug|Any CPU
		{8694BBA1-2901-4803-9549-30A7FE2B149A}.Debug|Any CPU.Build.0 = Debug|Any CPU
		{8694BBA1-2901-4803-9549-30A7FE2B149A}.Release|Any CPU.ActiveCfg = Release|Any CPU
		{8694BBA1-2901-4803-9549-30A7FE2B149A}.Release|Any CPU.Build.0 = Release|Any CPU
	EndGlobalSection
	GlobalSection(SolutionProperties) = preSolution
		HideSolutionNode = FALSE
	EndGlobalSection
EndGlobal
